
Microsoft Visual Studio Solution File, Format Version 12.00
# Visual Studio 15
VisualStudioVersion = 15.0.28307.329
MinimumVisualStudioVersion = 10.0.40219.1
Project("{FAE04EC0-301F-11D3-BF4B-00C04F79EFBC}") = "Test1", "Test1\Test1.csproj", "{1A493FCB-CDD0-40F9-8FE6-0A25F8966BA2}"
EndProject
Project("{FAE04EC0-301F-11D3-BF4B-00C04F79EFBC}") = "Test1.Test", "Test1.Test\Test1.Test.csproj", "{8B65C995-E706-49B4-AEBA-4EEF792BEB72}"
EndProject
Global
	GlobalSection(SolutionConfigurationPlatforms) = preSolution
		Debug|Any CPU = Debug|Any CPU
		Release|Any CPU = Release|Any CPU
	EndGlobalSection
	GlobalSection(ProjectConfigurationPlatforms) = postSolution
		{1A493FCB-CDD0-40F9-8FE6-0A25F8966BA2}.Debug|Any CPU.ActiveCfg = Debug|Any CPU
		{1A493FCB-CDD0-40F9-8FE6-0A25F8966BA2}.Debug|Any CPU.Build.0 = Debug|Any CPU
		{1A493FCB-CDD0-40F9-8FE6-0A25F8966BA2}.Release|Any CPU.ActiveCfg = Release|Any CPU
		{1A493FCB-CDD0-40F9-8FE6-0A25F8966BA2}.Release|Any CPU.Build.0 = Release|Any CPU
		{8B65C995-E706-49B4-AEBA-4EEF792BEB72}.Debug|Any CPU.ActiveCfg = Debug|Any CPU
		{8B65C995-E706-49B4-AEBA-4EEF792BEB72}.Debug|Any CPU.Build.0 = Debug|Any CPU
		{8B65C995-E706-49B4-AEBA-4EEF792BEB72}.Release|Any CPU.ActiveCfg = Release|Any CPU
		{8B65C995-E706-49B4-AEBA-4EEF792BEB72}.Release|Any CPU.Build.0 = Release|Any CPU
	EndGlobalSection
	GlobalSection(SolutionProperties) = preSolution
		HideSolutionNode = FALSE
	EndGlobalSection
	GlobalSection(ExtensibilityGlobals) = postSolution
		SolutionGuid = {C71AC5F2-0D29-404D-A66F-1C2B84AFE6D6}
	EndGlobalSection
EndGlobal
